
Microsoft Visual Studio Solution File, Format Version 12.00
# Visual Studio Version 16
VisualStudioVersion = 16.0.29102.190
MinimumVisualStudioVersion = 10.0.40219.1
Project("{FAE04EC0-301F-11D3-BF4B-00C04F79EFBC}") = "Project", "Project\Project.csproj", "{48F25A4C-9D48-4BB2-838D-8B81972CE61F}"
EndProject
Global
	GlobalSection(SolutionConfigurationPlatforms) = preSolution
		Debug|Any CPU = Debug|Any CPU
		Release|Any CPU = Release|Any CPU
	EndGlobalSection
	GlobalSection(ProjectConfigurationPlatforms) = postSolution
		{48F25A4C-9D48-4BB2-838D-8B81972CE61F}.Debug|Any CPU.ActiveCfg = Debug|Any CPU
		{48F25A4C-9D48-4BB2-838D-8B81972CE61F}.Debug|Any CPU.Build.0 = Debug|Any CPU
		{48F25A4C-9D48-4BB2-838D-8B81972CE61F}.Release|Any CPU.ActiveCfg = Release|Any CPU
		{48F25A4C-9D48-4BB2-838D-8B81972CE61F}.Release|Any CPU.Build.0 = Release|Any CPU
	EndGlobalSection
	GlobalSection(SolutionProperties) = preSolution
		HideSolutionNode = FALSE
	EndGlobalSection
	GlobalSection(ExtensibilityGlobals) = postSolution
		SolutionGuid = {B61C6D31-2C92-4E16-8442-28D0A091DF69}
	EndGlobalSection
EndGlobal
